{
  "name": "@gg-web-engine/three",
  "version": "0.0.000",
  "lockfileVersion": 2,
  "requires": true,
  "packages": {
    "": {
      "name": "@gg-web-engine/three",
      "version": "0.0.000",
      "license": "Apache-2.0",
      "dependencies": {
        "three": "^0.145.0"
      },
      "devDependencies": {
        "@types/three": "^0.144.0"
      }
    },
    "node_modules/@types/three": {
      "version": "0.144.0",
      "dev": true,
      "license": "MIT",
      "dependencies": {
        "@types/webxr": "*"
      }
    },
    "node_modules/@types/webxr": {
      "dev": true
    },
    "node_modules/three": {
      "version": "0.145.0",
      "license": "MIT"
    }
  },
  "dependencies": {
    "@types/three": {
      "version": "0.144.0",
      "dev": true,
      "requires": {
        "@types/webxr": "*"
      }
    },
    "@types/webxr": {
      "dev": true
    },
    "three": {
      "version": "0.145.0"
    }
  }
}
