{
  "name": "@gg-web-engine/ammo",
  "version": "0.0.03",
  "lockfileVersion": 2,
  "requires": true,
  "packages": {
    "": {
      "name": "@gg-web-engine/ammo",
      "version": "0.0.03",
      "license": "Apache-2.0",
      "dependencies": {
        "@gg-web-engine/core": "^0.0.2",
        "ammojs-typed": "^1.0.6",
        "fs-web": "^1.0.1",
        "mini-signals": "^1.2.0",
        "path-browserify": "^1.0.1",
        "rxjs": "~7.5.0"
      },
      "devDependencies": {
        "prettier": "^2.8.6",
        "typescript": "~4.7.2"
      }
    },
    "node_modules/@gg-web-engine/core": {
      "version": "0.0.2",
      "resolved": "https://registry.npmjs.org/@gg-web-engine/core/-/core-0.0.2.tgz",
      "integrity": "sha512-KyKJ24n8nyNS3vSPp6ou0zAcrfJevJVEnBsApAmou5tcz4rm7Za81kx0TR/ltoQOL4K8vzVADcCaEs3oZo49qA==",
      "dependencies": {
        "rxjs": "~7.5.0",
        "stats.js": "^0.17.0"
      }
    },
    "node_modules/ammojs-typed": {
      "version": "1.0.6",
      "resolved": "https://registry.npmjs.org/ammojs-typed/-/ammojs-typed-1.0.6.tgz",
      "integrity": "sha512-ut/tD0m5eEdlJ5KK97ma6SIEGZ4FN3AJTSVz8wl6C4EtnpVQdP70lOwgDMJKsHjTohxc2/xEZl6yJfMBZNlQ5w=="
    },
    "node_modules/fs-web": {
      "version": "1.0.1",
      "resolved": "https://registry.npmjs.org/fs-web/-/fs-web-1.0.1.tgz",
      "integrity": "sha512-PUVyPo4SUkGGF3IxFAlzFMCsBi9g9tiRaruN7Bqqy/JHGxCPcX9FiW3w9EnQSG5j/vy3aG+vXJWxaxY2SI4wig==",
      "dependencies": {
        "path": "git://github.com/component/path.git#7b4f23c38833a5232cd5e3d50ccb8cd13dbcd2f4"
      }
    },
    "node_modules/mini-signals": {
      "version": "1.2.0",
      "resolved": "https://registry.npmjs.org/mini-signals/-/mini-signals-1.2.0.tgz",
      "integrity": "sha512-alffqMkGCjjTSwvYMVLx+7QeJ6sTuxbXqBkP21my4iWU5+QpTQAJt3h7htA1OKm9F3BpMM0vnu72QIoiJakrLA=="
    },
    "node_modules/path": {
      "version": "1.0.0",
      "resolved": "git+ssh://git@github.com/component/path.git#7b4f23c38833a5232cd5e3d50ccb8cd13dbcd2f4",
      "integrity": "sha512-weCqFe+FoOstAysrn4Op/Ie201rkZecCASSgKTOY072Gf1FZGSetpv8PHGPEjXLQ5FrOSiu8LrU3CYe5cG+thQ=="
    },
    "node_modules/path-browserify": {
      "version": "1.0.1",
      "resolved": "https://registry.npmjs.org/path-browserify/-/path-browserify-1.0.1.tgz",
      "integrity": "sha512-b7uo2UCUOYZcnF/3ID0lulOJi/bafxa1xPe7ZPsammBSpjSWQkjNxlt635YGS2MiR9GjvuXCtz2emr3jbsz98g=="
    },
    "node_modules/prettier": {
      "version": "2.8.6",
      "resolved": "https://registry.npmjs.org/prettier/-/prettier-2.8.6.tgz",
      "integrity": "sha512-mtuzdiBbHwPEgl7NxWlqOkithPyp4VN93V7VeHVWBF+ad3I5avc0RVDT4oImXQy9H/AqxA2NSQH8pSxHW6FYbQ==",
      "dev": true,
      "bin": {
        "prettier": "bin-prettier.js"
      },
      "engines": {
        "node": ">=10.13.0"
      },
      "funding": {
        "url": "https://github.com/prettier/prettier?sponsor=1"
      }
    },
    "node_modules/rxjs": {
      "version": "7.5.7",
      "resolved": "https://registry.npmjs.org/rxjs/-/rxjs-7.5.7.tgz",
      "integrity": "sha512-z9MzKh/UcOqB3i20H6rtrlaE/CgjLOvheWK/9ILrbhROGTweAi1BaFsTT9FbwZi5Trr1qNRs+MXkhmR06awzQA==",
      "dependencies": {
        "tslib": "^2.1.0"
      }
    },
    "node_modules/stats.js": {
      "version": "0.17.0",
      "resolved": "https://registry.npmjs.org/stats.js/-/stats.js-0.17.0.tgz",
      "integrity": "sha512-hNKz8phvYLPEcRkeG1rsGmV5ChMjKDAWU7/OJJdDErPBNChQXxCo3WZurGpnWc6gZhAzEPFad1aVgyOANH1sMw=="
    },
    "node_modules/tslib": {
      "version": "2.5.0",
      "resolved": "https://registry.npmjs.org/tslib/-/tslib-2.5.0.tgz",
      "integrity": "sha512-336iVw3rtn2BUK7ORdIAHTyxHGRIHVReokCR3XjbckJMK7ms8FysBfhLR8IXnAgy7T0PTPNBWKiH514FOW/WSg=="
    },
    "node_modules/typescript": {
      "version": "4.7.4",
      "resolved": "https://registry.npmjs.org/typescript/-/typescript-4.7.4.tgz",
      "integrity": "sha512-C0WQT0gezHuw6AdY1M2jxUO83Rjf0HP7Sk1DtXj6j1EwkQNZrHAg2XPWlq62oqEhYvONq5pkC2Y9oPljWToLmQ==",
      "dev": true,
      "bin": {
        "tsc": "bin/tsc",
        "tsserver": "bin/tsserver"
      },
      "engines": {
        "node": ">=4.2.0"
      }
    }
  },
  "dependencies": {
    "@gg-web-engine/core": {
      "version": "0.0.2",
      "resolved": "https://registry.npmjs.org/@gg-web-engine/core/-/core-0.0.2.tgz",
      "integrity": "sha512-KyKJ24n8nyNS3vSPp6ou0zAcrfJevJVEnBsApAmou5tcz4rm7Za81kx0TR/ltoQOL4K8vzVADcCaEs3oZo49qA==",
      "requires": {
        "rxjs": "~7.5.0",
        "stats.js": "^0.17.0"
      }
    },
    "ammojs-typed": {
      "version": "1.0.6",
      "resolved": "https://registry.npmjs.org/ammojs-typed/-/ammojs-typed-1.0.6.tgz",
      "integrity": "sha512-ut/tD0m5eEdlJ5KK97ma6SIEGZ4FN3AJTSVz8wl6C4EtnpVQdP70lOwgDMJKsHjTohxc2/xEZl6yJfMBZNlQ5w=="
    },
    "fs-web": {
      "version": "1.0.1",
      "resolved": "https://registry.npmjs.org/fs-web/-/fs-web-1.0.1.tgz",
      "integrity": "sha512-PUVyPo4SUkGGF3IxFAlzFMCsBi9g9tiRaruN7Bqqy/JHGxCPcX9FiW3w9EnQSG5j/vy3aG+vXJWxaxY2SI4wig==",
      "requires": {
        "path": "git://github.com/component/path.git#7b4f23c38833a5232cd5e3d50ccb8cd13dbcd2f4"
      }
    },
    "mini-signals": {
      "version": "1.2.0",
      "resolved": "https://registry.npmjs.org/mini-signals/-/mini-signals-1.2.0.tgz",
      "integrity": "sha512-alffqMkGCjjTSwvYMVLx+7QeJ6sTuxbXqBkP21my4iWU5+QpTQAJt3h7htA1OKm9F3BpMM0vnu72QIoiJakrLA=="
    },
    "path": {
      "version": "git+ssh://git@github.com/component/path.git#7b4f23c38833a5232cd5e3d50ccb8cd13dbcd2f4",
      "integrity": "sha512-weCqFe+FoOstAysrn4Op/Ie201rkZecCASSgKTOY072Gf1FZGSetpv8PHGPEjXLQ5FrOSiu8LrU3CYe5cG+thQ==",
      "from": "path@git://github.com/component/path.git#7b4f23c38833a5232cd5e3d50ccb8cd13dbcd2f4"
    },
    "path-browserify": {
      "version": "1.0.1",
      "resolved": "https://registry.npmjs.org/path-browserify/-/path-browserify-1.0.1.tgz",
      "integrity": "sha512-b7uo2UCUOYZcnF/3ID0lulOJi/bafxa1xPe7ZPsammBSpjSWQkjNxlt635YGS2MiR9GjvuXCtz2emr3jbsz98g=="
    },
    "prettier": {
      "version": "2.8.6",
      "resolved": "https://registry.npmjs.org/prettier/-/prettier-2.8.6.tgz",
      "integrity": "sha512-mtuzdiBbHwPEgl7NxWlqOkithPyp4VN93V7VeHVWBF+ad3I5avc0RVDT4oImXQy9H/AqxA2NSQH8pSxHW6FYbQ==",
      "dev": true
    },
    "rxjs": {
      "version": "7.5.7",
      "resolved": "https://registry.npmjs.org/rxjs/-/rxjs-7.5.7.tgz",
      "integrity": "sha512-z9MzKh/UcOqB3i20H6rtrlaE/CgjLOvheWK/9ILrbhROGTweAi1BaFsTT9FbwZi5Trr1qNRs+MXkhmR06awzQA==",
      "requires": {
        "tslib": "^2.1.0"
      }
    },
    "stats.js": {
      "version": "0.17.0",
      "resolved": "https://registry.npmjs.org/stats.js/-/stats.js-0.17.0.tgz",
      "integrity": "sha512-hNKz8phvYLPEcRkeG1rsGmV5ChMjKDAWU7/OJJdDErPBNChQXxCo3WZurGpnWc6gZhAzEPFad1aVgyOANH1sMw=="
    },
    "tslib": {
      "version": "2.5.0",
      "resolved": "https://registry.npmjs.org/tslib/-/tslib-2.5.0.tgz",
      "integrity": "sha512-336iVw3rtn2BUK7ORdIAHTyxHGRIHVReokCR3XjbckJMK7ms8FysBfhLR8IXnAgy7T0PTPNBWKiH514FOW/WSg=="
    },
    "typescript": {
      "version": "4.7.4",
      "resolved": "https://registry.npmjs.org/typescript/-/typescript-4.7.4.tgz",
      "integrity": "sha512-C0WQT0gezHuw6AdY1M2jxUO83Rjf0HP7Sk1DtXj6j1EwkQNZrHAg2XPWlq62oqEhYvONq5pkC2Y9oPljWToLmQ==",
      "dev": true
    }
  }
}
