{
  "name": "@gg-web-engine/ammo",
  "version": "0.0.18",
  "lockfileVersion": 2,
  "requires": true,
  "packages": {
    "": {
      "name": "@gg-web-engine/ammo",
      "version": "0.0.18",
      "license": "Apache-2.0",
      "devDependencies": {
        "@gg-web-engine/core": "^0.0.18",
        "ammojs-typed": "^1.0.6",
        "mini-signals": "^1.2.0",
        "prettier": "^2.8.6",
        "typescript": "~4.7.2"
      },
      "peerDependencies": {
        "@gg-web-engine/core": "^0.0.18",
        "ammojs-typed": "^1.0.6",
        "mini-signals": "^1.2.0"
      }
    },
    "node_modules/@gg-web-engine/core": {
      "version": "0.0.18",
      "resolved": "https://registry.npmjs.org/@gg-web-engine/core/-/core-0.0.18.tgz",
      "integrity": "sha512-Zleni4JfJLs3oUEKvDQ23ujeUYz0+yO5bMHc5vGViHTlCtm4V5hIUuRuscpCjjcHH/oX4B0DGdkTfqquV+HWLA==",
      "dev": true,
      "dependencies": {
        "rxjs": "~7.8.0",
        "stats.js": "^0.17.0"
      }
    },
    "node_modules/ammojs-typed": {
      "version": "1.0.6",
      "resolved": "https://registry.npmjs.org/ammojs-typed/-/ammojs-typed-1.0.6.tgz",
      "integrity": "sha512-ut/tD0m5eEdlJ5KK97ma6SIEGZ4FN3AJTSVz8wl6C4EtnpVQdP70lOwgDMJKsHjTohxc2/xEZl6yJfMBZNlQ5w==",
      "dev": true
    },
    "node_modules/mini-signals": {
      "version": "1.2.0",
      "resolved": "https://registry.npmjs.org/mini-signals/-/mini-signals-1.2.0.tgz",
      "integrity": "sha512-alffqMkGCjjTSwvYMVLx+7QeJ6sTuxbXqBkP21my4iWU5+QpTQAJt3h7htA1OKm9F3BpMM0vnu72QIoiJakrLA==",
      "dev": true
    },
    "node_modules/prettier": {
      "version": "2.8.7",
      "resolved": "https://registry.npmjs.org/prettier/-/prettier-2.8.7.tgz",
      "integrity": "sha512-yPngTo3aXUUmyuTjeTUT75txrf+aMh9FiD7q9ZE/i6r0bPb22g4FsE6Y338PQX1bmfy08i9QQCB7/rcUAVntfw==",
      "dev": true,
      "bin": {
        "prettier": "bin-prettier.js"
      },
      "engines": {
        "node": ">=10.13.0"
      },
      "funding": {
        "url": "https://github.com/prettier/prettier?sponsor=1"
      }
    },
    "node_modules/rxjs": {
      "version": "7.8.0",
      "resolved": "https://registry.npmjs.org/rxjs/-/rxjs-7.8.0.tgz",
      "integrity": "sha512-F2+gxDshqmIub1KdvZkaEfGDwLNpPvk9Fs6LD/MyQxNgMds/WH9OdDDXOmxUZpME+iSK3rQCctkL0DYyytUqMg==",
      "dev": true,
      "dependencies": {
        "tslib": "^2.1.0"
      }
    },
    "node_modules/stats.js": {
      "version": "0.17.0",
      "resolved": "https://registry.npmjs.org/stats.js/-/stats.js-0.17.0.tgz",
      "integrity": "sha512-hNKz8phvYLPEcRkeG1rsGmV5ChMjKDAWU7/OJJdDErPBNChQXxCo3WZurGpnWc6gZhAzEPFad1aVgyOANH1sMw==",
      "dev": true
    },
    "node_modules/tslib": {
      "version": "2.5.0",
      "resolved": "https://registry.npmjs.org/tslib/-/tslib-2.5.0.tgz",
      "integrity": "sha512-336iVw3rtn2BUK7ORdIAHTyxHGRIHVReokCR3XjbckJMK7ms8FysBfhLR8IXnAgy7T0PTPNBWKiH514FOW/WSg==",
      "dev": true
    },
    "node_modules/typescript": {
      "version": "4.7.4",
      "resolved": "https://registry.npmjs.org/typescript/-/typescript-4.7.4.tgz",
      "integrity": "sha512-C0WQT0gezHuw6AdY1M2jxUO83Rjf0HP7Sk1DtXj6j1EwkQNZrHAg2XPWlq62oqEhYvONq5pkC2Y9oPljWToLmQ==",
      "dev": true,
      "bin": {
        "tsc": "bin/tsc",
        "tsserver": "bin/tsserver"
      },
      "engines": {
        "node": ">=4.2.0"
      }
    }
  },
  "dependencies": {
    "@gg-web-engine/core": {
      "version": "0.0.18",
      "resolved": "https://registry.npmjs.org/@gg-web-engine/core/-/core-0.0.18.tgz",
      "integrity": "sha512-Zleni4JfJLs3oUEKvDQ23ujeUYz0+yO5bMHc5vGViHTlCtm4V5hIUuRuscpCjjcHH/oX4B0DGdkTfqquV+HWLA==",
      "dev": true,
      "requires": {
        "rxjs": "~7.8.0",
        "stats.js": "^0.17.0"
      }
    },
    "ammojs-typed": {
      "version": "1.0.6",
      "resolved": "https://registry.npmjs.org/ammojs-typed/-/ammojs-typed-1.0.6.tgz",
      "integrity": "sha512-ut/tD0m5eEdlJ5KK97ma6SIEGZ4FN3AJTSVz8wl6C4EtnpVQdP70lOwgDMJKsHjTohxc2/xEZl6yJfMBZNlQ5w==",
      "dev": true
    },
    "mini-signals": {
      "version": "1.2.0",
      "resolved": "https://registry.npmjs.org/mini-signals/-/mini-signals-1.2.0.tgz",
      "integrity": "sha512-alffqMkGCjjTSwvYMVLx+7QeJ6sTuxbXqBkP21my4iWU5+QpTQAJt3h7htA1OKm9F3BpMM0vnu72QIoiJakrLA==",
      "dev": true
    },
    "prettier": {
      "version": "2.8.7",
      "resolved": "https://registry.npmjs.org/prettier/-/prettier-2.8.7.tgz",
      "integrity": "sha512-yPngTo3aXUUmyuTjeTUT75txrf+aMh9FiD7q9ZE/i6r0bPb22g4FsE6Y338PQX1bmfy08i9QQCB7/rcUAVntfw==",
      "dev": true
    },
    "rxjs": {
      "version": "7.8.0",
      "resolved": "https://registry.npmjs.org/rxjs/-/rxjs-7.8.0.tgz",
      "integrity": "sha512-F2+gxDshqmIub1KdvZkaEfGDwLNpPvk9Fs6LD/MyQxNgMds/WH9OdDDXOmxUZpME+iSK3rQCctkL0DYyytUqMg==",
      "dev": true,
      "requires": {
        "tslib": "^2.1.0"
      }
    },
    "stats.js": {
      "version": "0.17.0",
      "resolved": "https://registry.npmjs.org/stats.js/-/stats.js-0.17.0.tgz",
      "integrity": "sha512-hNKz8phvYLPEcRkeG1rsGmV5ChMjKDAWU7/OJJdDErPBNChQXxCo3WZurGpnWc6gZhAzEPFad1aVgyOANH1sMw==",
      "dev": true
    },
    "tslib": {
      "version": "2.5.0",
      "resolved": "https://registry.npmjs.org/tslib/-/tslib-2.5.0.tgz",
      "integrity": "sha512-336iVw3rtn2BUK7ORdIAHTyxHGRIHVReokCR3XjbckJMK7ms8FysBfhLR8IXnAgy7T0PTPNBWKiH514FOW/WSg==",
      "dev": true
    },
    "typescript": {
      "version": "4.7.4",
      "resolved": "https://registry.npmjs.org/typescript/-/typescript-4.7.4.tgz",
      "integrity": "sha512-C0WQT0gezHuw6AdY1M2jxUO83Rjf0HP7Sk1DtXj6j1EwkQNZrHAg2XPWlq62oqEhYvONq5pkC2Y9oPljWToLmQ==",
      "dev": true
    }
  }
}
