{
  "name": "@gg-web-engine/matter",
  "version": "0.0.38",
  "lockfileVersion": 3,
  "requires": true,
  "packages": {
    "": {
      "name": "@gg-web-engine/matter",
      "version": "0.0.38",
      "license": "Apache-2.0",
      "devDependencies": {
        "@gg-web-engine/core": "0.0.38",
        "@types/matter-js": "0.19.6",
        "matter-js": "0.19.0",
        "prettier": "^2.8.6",
        "typescript": "~4.7.2"
      },
      "peerDependencies": {
        "@gg-web-engine/core": "0.0.38",
        "matter-js": "0.19.0"
      }
    },
    "node_modules/@gg-web-engine/core": {
      "version": "0.0.38",
      "resolved": "https://registry.npmjs.org/@gg-web-engine/core/-/core-0.0.38.tgz",
      "integrity": "sha512-2fI94KwcUtVMMheM1igB4hIhGuEnf/vkjB7LVd9BSeZFo0ZR15m2jJr8mQzR34HQNreZJ4MgGFxCu8IIojC4Xw==",
      "dev": true,
      "dependencies": {
        "rxjs": "7.8.1",
        "stats.js": "0.17.0"
      }
    },
    "node_modules/@types/matter-js": {
      "version": "0.19.6",
      "resolved": "https://registry.npmjs.org/@types/matter-js/-/matter-js-0.19.6.tgz",
      "integrity": "sha512-ffk6tqJM5scla+ThXmnox+mdfCo3qYk6yMjQsNcrbo6eQ5DqorVdtnaL+1agCoYzxUjmHeiNB7poBMAmhuLY7w==",
      "dev": true
    },
    "node_modules/matter-js": {
      "version": "0.19.0",
      "resolved": "https://registry.npmjs.org/matter-js/-/matter-js-0.19.0.tgz",
      "integrity": "sha512-v2huwvQGOHTGOkMqtHd2hercCG3f6QAObTisPPHg8TZqq2lz7eIY/5i/5YUV8Ibf3mEioFEmwibcPUF2/fnKKQ==",
      "dev": true
    },
    "node_modules/prettier": {
      "version": "2.8.8",
      "resolved": "https://registry.npmjs.org/prettier/-/prettier-2.8.8.tgz",
      "integrity": "sha512-tdN8qQGvNjw4CHbY+XXk0JgCXn9QiF21a55rBe5LJAU+kDyC4WQn4+awm2Xfk2lQMk5fKup9XgzTZtGkjBdP9Q==",
      "dev": true,
      "bin": {
        "prettier": "bin-prettier.js"
      },
      "engines": {
        "node": ">=10.13.0"
      },
      "funding": {
        "url": "https://github.com/prettier/prettier?sponsor=1"
      }
    },
    "node_modules/rxjs": {
      "version": "7.8.1",
      "resolved": "https://registry.npmjs.org/rxjs/-/rxjs-7.8.1.tgz",
      "integrity": "sha512-AA3TVj+0A2iuIoQkWEK/tqFjBq2j+6PO6Y0zJcvzLAFhEFIO3HL0vls9hWLncZbAAbK0mar7oZ4V079I/qPMxg==",
      "dev": true,
      "dependencies": {
        "tslib": "^2.1.0"
      }
    },
    "node_modules/stats.js": {
      "version": "0.17.0",
      "resolved": "https://registry.npmjs.org/stats.js/-/stats.js-0.17.0.tgz",
      "integrity": "sha512-hNKz8phvYLPEcRkeG1rsGmV5ChMjKDAWU7/OJJdDErPBNChQXxCo3WZurGpnWc6gZhAzEPFad1aVgyOANH1sMw==",
      "dev": true
    },
    "node_modules/tslib": {
      "version": "2.6.2",
      "resolved": "https://registry.npmjs.org/tslib/-/tslib-2.6.2.tgz",
      "integrity": "sha512-AEYxH93jGFPn/a2iVAwW87VuUIkR1FVUKB77NwMF7nBTDkDrrT/Hpt/IrCJ0QXhW27jTBDcf5ZY7w6RiqTMw2Q==",
      "dev": true
    },
    "node_modules/typescript": {
      "version": "4.7.4",
      "resolved": "https://registry.npmjs.org/typescript/-/typescript-4.7.4.tgz",
      "integrity": "sha512-C0WQT0gezHuw6AdY1M2jxUO83Rjf0HP7Sk1DtXj6j1EwkQNZrHAg2XPWlq62oqEhYvONq5pkC2Y9oPljWToLmQ==",
      "dev": true,
      "bin": {
        "tsc": "bin/tsc",
        "tsserver": "bin/tsserver"
      },
      "engines": {
        "node": ">=4.2.0"
      }
    }
  }
}
