{
  "name": "@gg-web-engine/matter",
  "version": "0.0.000",
  "lockfileVersion": 2,
  "requires": true,
  "packages": {
    "": {
      "name": "@gg-web-engine/matter",
      "version": "0.0.000",
      "hasInstallScript": true,
      "license": "Apache-2.0",
      "dependencies": {
        "matter-js": "^0.18.0"
      },
      "devDependencies": {
        "@types/matter-js": "^0.18.2",
        "prettier": "^2.8.6",
        "typescript": "~4.7.2"
      }
    },
    "node_modules/@types/matter-js": {
      "version": "0.18.2",
      "resolved": "https://registry.npmjs.org/@types/matter-js/-/matter-js-0.18.2.tgz",
      "integrity": "sha512-W9UC9DOPNBRTUocqqPZmzX3cbHmlZBI9jLn6SuxZz0n5QrPk382Ig3hbBWHqYU8TRUmTCJJhuanXeyMTavF7Mg==",
      "dev": true
    },
    "node_modules/matter-js": {
      "version": "0.18.0",
      "resolved": "https://registry.npmjs.org/matter-js/-/matter-js-0.18.0.tgz",
      "integrity": "sha512-/ZVem4WygUnbmo/iE4oHZpZS97btfBtYy5Iwn1396vUZU7YhgVEN8J4UWwfZwY1ZqoTYlPgjvSw9WXauuXL0mg=="
    },
    "node_modules/prettier": {
      "version": "2.8.6",
      "resolved": "https://registry.npmjs.org/prettier/-/prettier-2.8.6.tgz",
      "integrity": "sha512-mtuzdiBbHwPEgl7NxWlqOkithPyp4VN93V7VeHVWBF+ad3I5avc0RVDT4oImXQy9H/AqxA2NSQH8pSxHW6FYbQ==",
      "dev": true,
      "bin": {
        "prettier": "bin-prettier.js"
      },
      "engines": {
        "node": ">=10.13.0"
      },
      "funding": {
        "url": "https://github.com/prettier/prettier?sponsor=1"
      }
    },
    "node_modules/typescript": {
      "version": "4.7.4",
      "resolved": "https://registry.npmjs.org/typescript/-/typescript-4.7.4.tgz",
      "integrity": "sha512-C0WQT0gezHuw6AdY1M2jxUO83Rjf0HP7Sk1DtXj6j1EwkQNZrHAg2XPWlq62oqEhYvONq5pkC2Y9oPljWToLmQ==",
      "dev": true,
      "bin": {
        "tsc": "bin/tsc",
        "tsserver": "bin/tsserver"
      },
      "engines": {
        "node": ">=4.2.0"
      }
    }
  },
  "dependencies": {
    "@types/matter-js": {
      "version": "0.18.2",
      "resolved": "https://registry.npmjs.org/@types/matter-js/-/matter-js-0.18.2.tgz",
      "integrity": "sha512-W9UC9DOPNBRTUocqqPZmzX3cbHmlZBI9jLn6SuxZz0n5QrPk382Ig3hbBWHqYU8TRUmTCJJhuanXeyMTavF7Mg==",
      "dev": true
    },
    "matter-js": {
      "version": "0.18.0",
      "resolved": "https://registry.npmjs.org/matter-js/-/matter-js-0.18.0.tgz",
      "integrity": "sha512-/ZVem4WygUnbmo/iE4oHZpZS97btfBtYy5Iwn1396vUZU7YhgVEN8J4UWwfZwY1ZqoTYlPgjvSw9WXauuXL0mg=="
    },
    "prettier": {
      "version": "2.8.6",
      "resolved": "https://registry.npmjs.org/prettier/-/prettier-2.8.6.tgz",
      "integrity": "sha512-mtuzdiBbHwPEgl7NxWlqOkithPyp4VN93V7VeHVWBF+ad3I5avc0RVDT4oImXQy9H/AqxA2NSQH8pSxHW6FYbQ==",
      "dev": true
    },
    "typescript": {
      "version": "4.7.4",
      "resolved": "https://registry.npmjs.org/typescript/-/typescript-4.7.4.tgz",
      "integrity": "sha512-C0WQT0gezHuw6AdY1M2jxUO83Rjf0HP7Sk1DtXj6j1EwkQNZrHAg2XPWlq62oqEhYvONq5pkC2Y9oPljWToLmQ==",
      "dev": true
    }
  }
}
