{
  "name": "@gg-web-engine/pixi",
  "version": "0.0.63",
  "lockfileVersion": 3,
  "requires": true,
  "packages": {
    "": {
      "name": "@gg-web-engine/pixi",
      "version": "0.0.63",
      "license": "Apache-2.0",
      "devDependencies": {
        "@gg-web-engine/core": "0.0.63",
        "@types/offscreencanvas": "2019.7.3",
        "pixi.js": "8.20.1",
        "prettier": "^3.9.6",
        "rxjs": "7.8.2",
        "typescript": "~6.0.3"
      },
      "peerDependencies": {
        "@gg-web-engine/core": "0.0.63",
        "pixi.js": "8.20.1",
        "rxjs": "7.8.2"
      }
    },
    "node_modules/@gg-web-engine/core": {
      "version": "0.0.63",
      "resolved": "https://registry.npmjs.org/@gg-web-engine/core/-/core-0.0.63.tgz",
      "integrity": "sha512-uVTwgbgB5xt20+zwhQZ3NH+yLS93Rh2IlP6Bn7xYqe4gehITQdyG0eH4hKagQXB7l7vNMWhUJ3hm6OgNBKm0OQ==",
      "dev": true,
      "license": "Apache-2.0",
      "dependencies": {
        "rxjs": "7.8.2",
        "stats.js": "0.17.0"
      }
    },
    "node_modules/@pixi/colord": {
      "version": "2.9.6",
      "resolved": "https://registry.npmjs.org/@pixi/colord/-/colord-2.9.6.tgz",
      "integrity": "sha512-nezytU2pw587fQstUu1AsJZDVEynjskwOL+kibwcdxsMBFqPsFFNA7xl0ii/gXuDi6M0xj3mfRJj8pBSc2jCfA==",
      "dev": true,
      "license": "MIT"
    },
    "node_modules/@types/earcut": {
      "version": "3.0.0",
      "resolved": "https://registry.npmjs.org/@types/earcut/-/earcut-3.0.0.tgz",
      "integrity": "sha512-k/9fOUGO39yd2sCjrbAJvGDEQvRwRnQIZlBz43roGwUZo5SHAmyVvSFyaVVZkicRVCaDXPKlbxrUcBuJoSWunQ==",
      "dev": true,
      "license": "MIT"
    },
    "node_modules/@types/offscreencanvas": {
      "version": "2019.7.3",
      "resolved": "https://registry.npmjs.org/@types/offscreencanvas/-/offscreencanvas-2019.7.3.tgz",
      "integrity": "sha512-ieXiYmgSRXUDeOntE1InxjWyvEelZGP63M+cGuquuRLuIKKT1osnkXjxev9B7d1nXSug5vpunx+gNlbVxMlC9A==",
      "dev": true,
      "license": "MIT"
    },
    "node_modules/@webgpu/types": {
      "version": "0.1.72",
      "resolved": "https://registry.npmjs.org/@webgpu/types/-/types-0.1.72.tgz",
      "integrity": "sha512-0cF7RFM2edNoiIS1ODJp0/Gzv4/xSXhwoR0YCza+OWpJWtn4wmo9DvK91aLlH9+uUnwIriP7ZiC3WitmyhuzBw==",
      "dev": true,
      "license": "BSD-3-Clause"
    },
    "node_modules/@xmldom/xmldom": {
      "version": "0.8.15",
      "resolved": "https://registry.npmjs.org/@xmldom/xmldom/-/xmldom-0.8.15.tgz",
      "integrity": "sha512-/5NV/vDALVFDXgLmfsy9TRCBlKwO2LNBFzpzvb9iIj+jR+eSc6DLYYvVOdivT/jm7MtU6TebYuRmzEOI7w40UA==",
      "dev": true,
      "license": "MIT",
      "engines": {
        "node": ">=10.0.0"
      }
    },
    "node_modules/earcut": {
      "version": "3.2.3",
      "resolved": "https://registry.npmjs.org/earcut/-/earcut-3.2.3.tgz",
      "integrity": "sha512-vnS4AVwp1KHAF13i1vp1/2D5evWy3k5u/iW/B81QVsUZtV8cv2tU0b2VNFlqvh4kYwrFMDdjPCfAmfyJW9y14Q==",
      "dev": true,
      "license": "ISC"
    },
    "node_modules/eventemitter3": {
      "version": "5.0.4",
      "resolved": "https://registry.npmjs.org/eventemitter3/-/eventemitter3-5.0.4.tgz",
      "integrity": "sha512-mlsTRyGaPBjPedk6Bvw+aqbsXDtoAyAzm5MO7JgU+yVRyMQ5O8bD4Kcci7BS85f93veegeCPkL8R4GLClnjLFw==",
      "dev": true,
      "license": "MIT"
    },
    "node_modules/gifuct-js": {
      "version": "2.1.2",
      "resolved": "https://registry.npmjs.org/gifuct-js/-/gifuct-js-2.1.2.tgz",
      "integrity": "sha512-rI2asw77u0mGgwhV3qA+OEgYqaDn5UNqgs+Bx0FGwSpuqfYn+Ir6RQY5ENNQ8SbIiG/m5gVa7CD5RriO4f4Lsg==",
      "dev": true,
      "license": "MIT",
      "dependencies": {
        "js-binary-schema-parser": "^2.0.3"
      }
    },
    "node_modules/ismobilejs": {
      "version": "1.1.1",
      "resolved": "https://registry.npmjs.org/ismobilejs/-/ismobilejs-1.1.1.tgz",
      "integrity": "sha512-VaFW53yt8QO61k2WJui0dHf4SlL8lxBofUuUmwBo0ljPk0Drz2TiuDW4jo3wDcv41qy/SxrJ+VAzJ/qYqsmzRw==",
      "dev": true,
      "license": "MIT"
    },
    "node_modules/js-binary-schema-parser": {
      "version": "2.0.3",
      "resolved": "https://registry.npmjs.org/js-binary-schema-parser/-/js-binary-schema-parser-2.0.3.tgz",
      "integrity": "sha512-xezGJmOb4lk/M1ZZLTR/jaBHQ4gG/lqQnJqdIv4721DMggsa1bDVlHXNeHYogaIEHD9vCRv0fcL4hMA+Coarkg==",
      "dev": true,
      "license": "MIT"
    },
    "node_modules/parse-svg-path": {
      "version": "0.2.0",
      "resolved": "https://registry.npmjs.org/parse-svg-path/-/parse-svg-path-0.2.0.tgz",
      "integrity": "sha512-Tf7FFIrguPKQwzD4pWnYkR2VOv3raoHeKED80Bm+BYHI3KxC8KsgsGC5+fSMzAGDA6UEk4bHvmi+RsjmL3khpg==",
      "dev": true,
      "license": "MIT"
    },
    "node_modules/pixi.js": {
      "version": "8.20.1",
      "resolved": "https://registry.npmjs.org/pixi.js/-/pixi.js-8.20.1.tgz",
      "integrity": "sha512-akLVBMLvQbaEViqsmVraK0Njer1q4Q4lm4iNKuzvBiFrV8q+6/+HluJN3sWIwO663IBeQtUUS/CaXFJZs6ffXQ==",
      "dev": true,
      "license": "MIT",
      "workspaces": [
        "examples",
        "playground"
      ],
      "dependencies": {
        "@pixi/colord": "^2.9.6",
        "@types/earcut": "^3.0.0",
        "@webgpu/types": "^0.1.69",
        "@xmldom/xmldom": "^0.8.15",
        "earcut": "^3.0.2",
        "eventemitter3": "^5.0.1",
        "gifuct-js": "^2.1.2",
        "ismobilejs": "^1.1.1",
        "parse-svg-path": "^0.2.0",
        "tiny-lru": "^11.4.7"
      },
      "funding": {
        "type": "opencollective",
        "url": "https://opencollective.com/pixijs"
      }
    },
    "node_modules/prettier": {
      "version": "3.9.6",
      "resolved": "https://registry.npmjs.org/prettier/-/prettier-3.9.6.tgz",
      "integrity": "sha512-OpN0zzVdiaiAhxpuuj5efpIS4sY9j7bY6uR5mnj5yPzGkdkjNKSJeUThPb60Jw29QuAZgA4o+/iB49kFiaBX6g==",
      "dev": true,
      "license": "MIT",
      "bin": {
        "prettier": "bin/prettier.cjs"
      },
      "engines": {
        "node": ">=14"
      },
      "funding": {
        "url": "https://github.com/prettier/prettier?sponsor=1"
      }
    },
    "node_modules/rxjs": {
      "version": "7.8.2",
      "resolved": "https://registry.npmjs.org/rxjs/-/rxjs-7.8.2.tgz",
      "integrity": "sha512-dhKf903U/PQZY6boNNtAGdWbG85WAbjT/1xYoZIC7FAY0yWapOBQVsVrDl58W86//e1VpMNBtRV4MaXfdMySFA==",
      "dev": true,
      "license": "Apache-2.0",
      "dependencies": {
        "tslib": "^2.1.0"
      }
    },
    "node_modules/stats.js": {
      "version": "0.17.0",
      "resolved": "https://registry.npmjs.org/stats.js/-/stats.js-0.17.0.tgz",
      "integrity": "sha512-hNKz8phvYLPEcRkeG1rsGmV5ChMjKDAWU7/OJJdDErPBNChQXxCo3WZurGpnWc6gZhAzEPFad1aVgyOANH1sMw==",
      "dev": true,
      "license": "MIT"
    },
    "node_modules/tiny-lru": {
      "version": "11.4.7",
      "resolved": "https://registry.npmjs.org/tiny-lru/-/tiny-lru-11.4.7.tgz",
      "integrity": "sha512-w/Te7uMUVeH0CR8vZIjr+XiN41V+30lkDdK+NRIDCUYKKuL9VcmaUEmaPISuwGhLlrTGh5yu18lENtR9axSxYw==",
      "dev": true,
      "license": "BSD-3-Clause",
      "engines": {
        "node": ">=12"
      }
    },
    "node_modules/tslib": {
      "version": "2.8.1",
      "resolved": "https://registry.npmjs.org/tslib/-/tslib-2.8.1.tgz",
      "integrity": "sha512-oJFu94HQb+KVduSUQL7wnpmqnfmLsOA/nAh6b6EH0wCEoK0/mPeXU6c3wKDV83MkOuHPRHtSXKKU99IBazS/2w==",
      "dev": true,
      "license": "0BSD"
    },
    "node_modules/typescript": {
      "version": "6.0.3",
      "resolved": "https://registry.npmjs.org/typescript/-/typescript-6.0.3.tgz",
      "integrity": "sha512-y2TvuxSZPDyQakkFRPZHKFm+KKVqIisdg9/CZwm9ftvKXLP8NRWj38/ODjNbr43SsoXqNuAisEf1GdCxqWcdBw==",
      "dev": true,
      "license": "Apache-2.0",
      "bin": {
        "tsc": "bin/tsc",
        "tsserver": "bin/tsserver"
      },
      "engines": {
        "node": ">=14.17"
      }
    }
  }
}
